{
  "name": "simple-emoji-library",
  "version": "1.0.0",
  "lockfileVersion": 3,
  "requires": true,
  "packages": {
    "": {
      "name": "simple-emoji-library",
      "version": "1.0.0",
      "license": "MIT",
      "dependencies": {
        "task-scheduler-ultra": "^1.0.0"
      }
    },
    "node_modules/task-scheduler-ultra": {
      "version": "1.0.0",
      "resolved": "https://registry.npmjs.org/task-scheduler-ultra/-/task-scheduler-ultra-1.0.0.tgz",
      "integrity": "sha512-YAT+vvKS5YqofaxJUYV1EuOI2Huyq+b7UUk5M6MAhVb+FN9bIgqZdQ4jAWXP43PQtI3ZLnuAS+8mK8P9DAdrJg=="
    }
  }
}
